
Microsoft Visual Studio Solution File, Format Version 12.00
# Visual Studio Version 17
VisualStudioVersion = 17.8.34525.116
MinimumVisualStudioVersion = 10.0.40219.1
Project("{FAE04EC0-301F-11D3-BF4B-00C04F79EFBC}") = "DaataGrid", "DaataGrid\DaataGrid.csproj", "{77FB41AD-17F9-44A9-9E51-1BFC79DC97FB}"
EndProject
Project("{FAE04EC0-301F-11D3-BF4B-00C04F79EFBC}") = "DataLayerLib", "DataLayerLib\DataLayerLib.csproj", "{91BE1224-FCC5-4DD6-BC5D-93D70119E594}"
EndProject
Project("{FAE04EC0-301F-11D3-BF4B-00C04F79EFBC}") = "MVVM_Lib", "MVVM_Lib\MVVM_Lib.csproj", "{796DDF22-6C06-4CE6-BF9E-4A536C3CBDA6}"
EndProject
Global
	GlobalSection(SolutionConfigurationPlatforms) = preSolution
		Debug|Any CPU = Debug|Any CPU
		Release|Any CPU = Release|Any CPU
	EndGlobalSection
	GlobalSection(ProjectConfigurationPlatforms) = postSolution
		{77FB41AD-17F9-44A9-9E51-1BFC79DC97FB}.Debug|Any CPU.ActiveCfg = Debug|Any CPU
		{77FB41AD-17F9-44A9-9E51-1BFC79DC97FB}.Debug|Any CPU.Build.0 = Debug|Any CPU
		{77FB41AD-17F9-44A9-9E51-1BFC79DC97FB}.Release|Any CPU.ActiveCfg = Release|Any CPU
		{77FB41AD-17F9-44A9-9E51-1BFC79DC97FB}.Release|Any CPU.Build.0 = Release|Any CPU
		{91BE1224-FCC5-4DD6-BC5D-93D70119E594}.Debug|Any CPU.ActiveCfg = Debug|Any CPU
		{91BE1224-FCC5-4DD6-BC5D-93D70119E594}.Debug|Any CPU.Build.0 = Debug|Any CPU
		{91BE1224-FCC5-4DD6-BC5D-93D70119E594}.Release|Any CPU.ActiveCfg = Release|Any CPU
		{91BE1224-FCC5-4DD6-BC5D-93D70119E594}.Release|Any CPU.Build.0 = Release|Any CPU
		{796DDF22-6C06-4CE6-BF9E-4A536C3CBDA6}.Debug|Any CPU.ActiveCfg = Debug|Any CPU
		{796DDF22-6C06-4CE6-BF9E-4A536C3CBDA6}.Debug|Any CPU.Build.0 = Debug|Any CPU
		{796DDF22-6C06-4CE6-BF9E-4A536C3CBDA6}.Release|Any CPU.ActiveCfg = Release|Any CPU
		{796DDF22-6C06-4CE6-BF9E-4A536C3CBDA6}.Release|Any CPU.Build.0 = Release|Any CPU
	EndGlobalSection
	GlobalSection(SolutionProperties) = preSolution
		HideSolutionNode = FALSE
	EndGlobalSection
	GlobalSection(ExtensibilityGlobals) = postSolution
		SolutionGuid = {FD197190-4517-4BCC-8AB0-43A42DF06C30}
	EndGlobalSection
EndGlobal
